
Microsoft Visual Studio Solution File, Format Version 12.00
# Visual Studio Version 16
VisualStudioVersion = 16.0.32228.343
MinimumVisualStudioVersion = 10.0.40219.1
Project("{8BC9CEB8-8B4A-11D0-8D11-00A0C91BC942}") = "sakuramochi", "sakuramochi.vcxproj", "{1CAEC1AD-F4D2-4F53-AA6B-EAA39DBDD252}"
EndProject
Global
	GlobalSection(SolutionConfigurationPlatforms) = preSolution
		Debug|x64 = Debug|x64
		Debug|x86 = Debug|x86
		Release|x64 = Release|x64
		Release|x86 = Release|x86
	EndGlobalSection
	GlobalSection(ProjectConfigurationPlatforms) = postSolution
		{1CAEC1AD-F4D2-4F53-AA6B-EAA39DBDD252}.Debug|x64.ActiveCfg = Debug|x64
		{1CAEC1AD-F4D2-4F53-AA6B-EAA39DBDD252}.Debug|x64.Build.0 = Debug|x64
		{1CAEC1AD-F4D2-4F53-AA6B-EAA39DBDD252}.Debug|x86.ActiveCfg = Debug|Win32
		{1CAEC1AD-F4D2-4F53-AA6B-EAA39DBDD252}.Debug|x86.Build.0 = Debug|Win32
		{1CAEC1AD-F4D2-4F53-AA6B-EAA39DBDD252}.Release|x64.ActiveCfg = Release|x64
		{1CAEC1AD-F4D2-4F53-AA6B-EAA39DBDD252}.Release|x64.Build.0 = Release|x64
		{1CAEC1AD-F4D2-4F53-AA6B-EAA39DBDD252}.Release|x86.ActiveCfg = Release|Win32
		{1CAEC1AD-F4D2-4F53-AA6B-EAA39DBDD252}.Release|x86.Build.0 = Release|Win32
	EndGlobalSection
	GlobalSection(SolutionProperties) = preSolution
		HideSolutionNode = FALSE
	EndGlobalSection
	GlobalSection(ExtensibilityGlobals) = postSolution
		SolutionGuid = {0512958C-32D1-4836-9A82-FD8C848BFF71}
	EndGlobalSection
EndGlobal
